// !$*UTF8*$!
{
	archiveVersion = 1;
	classes = {
	};
	objectVersion = 50;
	objects = {

/* Begin PBXBuildFile section */
		62B9CB6F22FF298E0024BA6E /* AppDelegate.swift in Sources */ = {isa = PBXBuildFile; fileRef = 62B9CB6E22FF298E0024BA6E /* AppDelegate.swift */; };
		62B9CB7122FF298E0024BA6E /* ViewController.swift in Sources */ = {isa = PBXBuildFile; fileRef = 62B9CB7022FF298E0024BA6E /* ViewController.swift */; };
		62B9CB7422FF298E0024BA6E /* Main.storyboard in Resources */ = {isa = PBXBuildFile; fileRef = 62B9CB7222FF298E0024BA6E /* Main.storyboard */; };
		62B9CB7622FF298E0024BA6E /* Assets.xcassets in Resources */ = {isa = PBXBuildFile; fileRef = 62B9CB7522FF298E0024BA6E /* Assets.xcassets */; };
		62B9CB7922FF298E0024BA6E /* LaunchScreen.storyboard in Resources */ = {isa = PBXBuildFile; fileRef = 62B9CB7722FF298E0024BA6E /* LaunchScreen.storyboard */; };
		62B9CB8422FF298F0024BA6E /* WeatherTests.swift in Sources */ = {isa = PBXBuildFile; fileRef = 62B9CB8322FF298F0024BA6E /* WeatherTests.swift */; };
		62B9CB8F22FF298F0024BA6E /* WeatherUITests.swift in Sources */ = {isa = PBXBuildFile; fileRef = 62B9CB8E22FF298F0024BA6E /* WeatherUITests.swift */; };
/* End PBXBuildFile section */

/* Begin PBXContainerItemProxy section */
		62B9CB8022FF298F0024BA6E /* PBXContainerItemProxy */ = {
			isa = PBXContainerItemProxy;
			containerPortal = 62B9CB6322FF298E0024BA6E /* Project object */;
			proxyType = 1;
			remoteGlobalIDString = 62B9CB6A22FF298E0024BA6E;
			remoteInfo = Weather;
		};
		62B9CB8B22FF298F0024BA6E /* PBXContainerItemProxy */ = {
			isa = PBXContainerItemProxy;
			containerPortal = 62B9CB6322FF298E0024BA6E /* Project object */;
			proxyType = 1;
			remoteGlobalIDString = 62B9CB6A22FF298E0024BA6E;
			remoteInfo = Weather;
		};
/* End PBXContainerItemProxy section */

/* Begin PBXFileReference section */
		62B9CB6B22FF298E0024BA6E /* Weather.app */ = {isa = PBXFileReference; explicitFileType = wrapper.application; includeInIndex = 0; path = Weather.app; sourceTree = BUILT_PRODUCTS_DIR; };
		62B9CB6E22FF298E0024BA6E /* AppDelegate.swift */ = {isa = PBXFileReference; lastKnownFileType = sourcecode.swift; path = AppDelegate.swift; sourceTree = "<group>"; };
		62B9CB7022FF298E0024BA6E /* ViewController.swift */ = {isa = PBXFileReference; lastKnownFileType = sourcecode.swift; path = ViewController.swift; sourceTree = "<group>"; };
		62B9CB7322FF298E0024BA6E /* Base */ = {isa = PBXFileReference; lastKnownFileType = file.storyboard; name = Base; path = Base.lproj/Main.storyboard; sourceTree = "<group>"; };
		62B9CB7522FF298E0024BA6E /* Assets.xcassets */ = {isa = PBXFileReference; lastKnownFileType = folder.assetcatalog; path = Assets.xcassets; sourceTree = "<group>"; };
		62B9CB7822FF298E0024BA6E /* Base */ = {isa = PBXFileReference; lastKnownFileType = file.storyboard; name = Base; path = Base.lproj/LaunchScreen.storyboard; sourceTree = "<group>"; };
		62B9CB7A22FF298E0024BA6E /* Info.plist */ = {isa = PBXFileReference; lastKnownFileType = text.plist.xml; path = Info.plist; sourceTree = "<group>"; };
		62B9CB7F22FF298F0024BA6E /* WeatherTests.xctest */ = {isa = PBXFileReference; explicitFileType = wrapper.cfbundle; includeInIndex = 0; path = WeatherTests.xctest; sourceTree = BUILT_PRODUCTS_DIR; };
		62B9CB8322FF298F0024BA6E /* WeatherTests.swift */ = {isa = PBXFileReference; lastKnownFileType = sourcecode.swift; path = WeatherTests.swift; sourceTree = "<group>"; };
		62B9CB8522FF298F0024BA6E /* Info.plist */ = {isa = PBXFileReference; lastKnownFileType = text.plist.xml; path = Info.plist; sourceTree = "<group>"; };
		62B9CB8A22FF298F0024BA6E /* WeatherUITests.xctest */ = {isa = PBXFileReference; explicitFileType = wrapper.cfbundle; includeInIndex = 0; path = WeatherUITests.xctest; sourceTree = BUILT_PRODUCTS_DIR; };
		62B9CB8E22FF298F0024BA6E /* WeatherUITests.swift */ = {isa = PBXFileReference; lastKnownFileType = sourcecode.swift; path = WeatherUITests.swift; sourceTree = "<group>"; };
		62B9CB9022FF298F0024BA6E /* Info.plist */ = {isa = PBXFileReference; lastKnownFileType = text.plist.xml; path = Info.plist; sourceTree = "<group>"; };
/* End PBXFileReference section */

/* Begin PBXFrameworksBuildPhase section */
		62B9CB6822FF298E0024BA6E /* Frameworks */ = {
			isa = PBXFrameworksBuildPhase;
			buildActionMask = 2147483647;
			files = (
			);
			runOnlyForDeploymentPostprocessing = 0;
		};
		62B9CB7C22FF298F0024BA6E /* Frameworks */ = {
			isa = PBXFrameworksBuildPhase;
			buildActionMask = 2147483647;
			files = (
			);
			runOnlyForDeploymentPostprocessing = 0;
		};
		62B9CB8722FF298F0024BA6E /* Frameworks */ = {
			isa = PBXFrameworksBuildPhase;
			buildActionMask = 2147483647;
			files = (
			);
			runOnlyForDeploymentPostprocessing = 0;
		};
/* End PBXFrameworksBuildPhase section */

/* Begin PBXGroup section */
		62B9CB6222FF298E0024BA6E = {
			isa = PBXGroup;
			children = (
				62B9CB6D22FF298E0024BA6E /* Weather */,
				62B9CB8222FF298F0024BA6E /* WeatherTests */,
				62B9CB8D22FF298F0024BA6E /* WeatherUITests */,
				62B9CB6C22FF298E0024BA6E /* Products */,
			);
			sourceTree = "<group>";
		};
		62B9CB6C22FF298E0024BA6E /* Products */ = {
			isa = PBXGroup;
			children = (
				62B9CB6B22FF298E0024BA6E /* Weather.app */,
				62B9CB7F22FF298F0024BA6E /* WeatherTests.xctest */,
				62B9CB8A22FF298F0024BA6E /* WeatherUITests.xctest */,
			);
			name = Products;
			sourceTree = "<group>";
		};
		62B9CB6D22FF298E0024BA6E /* Weather */ = {
			isa = PBXGroup;
			children = (
				62B9CB6E22FF298E0024BA6E /* AppDelegate.swift */,
				62B9CB7022FF298E0024BA6E /* ViewController.swift */,
				62B9CB7222FF298E0024BA6E /* Main.storyboard */,
				62B9CB7522FF298E0024BA6E /* Assets.xcassets */,
				62B9CB7722FF298E0024BA6E /* LaunchScreen.storyboard */,
				62B9CB7A22FF298E0024BA6E /* Info.plist */,
			);
			path = Weather;
			sourceTree = "<group>";
		};
		62B9CB8222FF298F0024BA6E /* WeatherTests */ = {
			isa = PBXGroup;
			children = (
				62B9CB8322FF298F0024BA6E /* WeatherTests.swift */,
				62B9CB8522FF298F0024BA6E /* Info.plist */,
			);
			path = WeatherTests;
			sourceTree = "<group>";
		};
		62B9CB8D22FF298F0024BA6E /* WeatherUITests */ = {
			isa = PBXGroup;
			children = (
				62B9CB8E22FF298F0024BA6E /* WeatherUITests.swift */,
				62B9CB9022FF298F0024BA6E /* Info.plist */,
			);
			path = WeatherUITests;
			sourceTree = "<group>";
		};
/* End PBXGroup section */

/* Begin PBXNativeTarget section */
		62B9CB6A22FF298E0024BA6E /* Weather */ = {
			isa = PBXNativeTarget;
			buildConfigurationList = 62B9CB9322FF298F0024BA6E /* Build configuration list for PBXNativeTarget "Weather" */;
			buildPhases = (
				62B9CB6722FF298E0024BA6E /* Sources */,
				62B9CB6822FF298E0024BA6E /* Frameworks */,
				62B9CB6922FF298E0024BA6E /* Resources */,
			);
			buildRules = (
			);
			dependencies = (
			);
			name = Weather;
			productName = Weather;
			productReference = 62B9CB6B22FF298E0024BA6E /* Weather.app */;
			productType = "com.apple.product-type.application";
		};
		62B9CB7E22FF298F0024BA6E /* WeatherTests */ = {
			isa = PBXNativeTarget;
			buildConfigurationList = 62B9CB9622FF298F0024BA6E /* Build configuration list for PBXNativeTarget "WeatherTests" */;
			buildPhases = (
				62B9CB7B22FF298F0024BA6E /* Sources */,
				62B9CB7C22FF298F0024BA6E /* Frameworks */,
				62B9CB7D22FF298F0024BA6E /* Resources */,
			);
			buildRules = (
			);
			dependencies = (
				62B9CB8122FF298F0024BA6E /* PBXTargetDependency */,
			);
			name = WeatherTests;
			productName = WeatherTests;
			productReference = 62B9CB7F22FF298F0024BA6E /* WeatherTests.xctest */;
			productType = "com.apple.product-type.bundle.unit-test";
		};
		62B9CB8922FF298F0024BA6E /* WeatherUITests */ = {
			isa = PBXNativeTarget;
			buildConfigurationList = 62B9CB9922FF298F0024BA6E /* Build configuration list for PBXNativeTarget "WeatherUITests" */;
			buildPhases = (
				62B9CB8622FF298F0024BA6E /* Sources */,
				62B9CB8722FF298F0024BA6E /* Frameworks */,
				62B9CB8822FF298F0024BA6E /* Resources */,
			);
			buildRules = (
			);
			dependencies = (
				62B9CB8C22FF298F0024BA6E /* PBXTargetDependency */,
			);
			name = WeatherUITests;
			productName = WeatherUITests;
			productReference = 62B9CB8A22FF298F0024BA6E /* WeatherUITests.xctest */;
			productType = "com.apple.product-type.bundle.ui-testing";
		};
/* End PBXNativeTarget section */

/* Begin PBXProject section */
		62B9CB6322FF298E0024BA6E /* Project object */ = {
			isa = PBXProject;
			attributes = {
				LastSwiftUpdateCheck = 1010;
				LastUpgradeCheck = 1010;
				ORGANIZATIONNAME = "Julio Lemus";
				TargetAttributes = {
					62B9CB6A22FF298E0024BA6E = {
						CreatedOnToolsVersion = 10.1;
					};
					62B9CB7E22FF298F0024BA6E = {
						CreatedOnToolsVersion = 10.1;
						TestTargetID = 62B9CB6A22FF298E0024BA6E;
					};
					62B9CB8922FF298F0024BA6E = {
						CreatedOnToolsVersion = 10.1;
						TestTargetID = 62B9CB6A22FF298E0024BA6E;
					};
				};
			};
			buildConfigurationList = 62B9CB6622FF298E0024BA6E /* Build configuration list for PBXProject "Weather" */;
			compatibilityVersion = "Xcode 9.3";
			developmentRegion = en;
			hasScannedForEncodings = 0;
			knownRegions = (
				en,
				Base,
			);
			mainGroup = 62B9CB6222FF298E0024BA6E;
			productRefGroup = 62B9CB6C22FF298E0024BA6E /* Products */;
			projectDirPath = "";
			projectRoot = "";
			targets = (
				62B9CB6A22FF298E0024BA6E /* Weather */,
				62B9CB7E22FF298F0024BA6E /* WeatherTests */,
				62B9CB8922FF298F0024BA6E /* WeatherUITests */,
			);
		};
/* End PBXProject section */

/* Begin PBXResourcesBuildPhase section */
		62B9CB6922FF298E0024BA6E /* Resources */ = {
			isa = PBXResourcesBuildPhase;
			buildActionMask = 2147483647;
			files = (
				62B9CB7922FF298E0024BA6E /* LaunchScreen.storyboard in Resources */,
				62B9CB7622FF298E0024BA6E /* Assets.xcassets in Resources */,
				62B9CB7422FF298E0024BA6E /* Main.storyboard in Resources */,
			);
			runOnlyForDeploymentPostprocessing = 0;
		};
		62B9CB7D22FF298F0024BA6E /* Resources */ = {
			isa = PBXResourcesBuildPhase;
			buildActionMask = 2147483647;
			files = (
			);
			runOnlyForDeploymentPostprocessing = 0;
		};
		62B9CB8822FF298F0024BA6E /* Resources */ = {
			isa = PBXResourcesBuildPhase;
			buildActionMask = 2147483647;
			files = (
			);
			runOnlyForDeploymentPostprocessing = 0;
		};
/* End PBXResourcesBuildPhase section */

/* Begin PBXSourcesBuildPhase section */
		62B9CB6722FF298E0024BA6E /* Sources */ = {
			isa = PBXSourcesBuildPhase;
			buildActionMask = 2147483647;
			files = (
				62B9CB7122FF298E0024BA6E /* ViewController.swift in Sources */,
				62B9CB6F22FF298E0024BA6E /* AppDelegate.swift in Sources */,
			);
			runOnlyForDeploymentPostprocessing = 0;
		};
		62B9CB7B22FF298F0024BA6E /* Sources */ = {
			isa = PBXSourcesBuildPhase;
			buildActionMask = 2147483647;
			files = (
				62B9CB8422FF298F0024BA6E /* WeatherTests.swift in Sources */,
			);
			runOnlyForDeploymentPostprocessing = 0;
		};
		62B9CB8622FF298F0024BA6E /* Sources */ = {
			isa = PBXSourcesBuildPhase;
			buildActionMask = 2147483647;
			files = (
				62B9CB8F22FF298F0024BA6E /* WeatherUITests.swift in Sources */,
			);
			runOnlyForDeploymentPostprocessing = 0;
		};
/* End PBXSourcesBuildPhase section */

/* Begin PBXTargetDependency section */
		62B9CB8122FF298F0024BA6E /* PBXTargetDependency */ = {
			isa = PBXTargetDependency;
			target = 62B9CB6A22FF298E0024BA6E /* Weather */;
			targetProxy = 62B9CB8022FF298F0024BA6E /* PBXContainerItemProxy */;
		};
		62B9CB8C22FF298F0024BA6E /* PBXTargetDependency */ = {
			isa = PBXTargetDependency;
			target = 62B9CB6A22FF298E0024BA6E /* Weather */;
			targetProxy = 62B9CB8B22FF298F0024BA6E /* PBXContainerItemProxy */;
		};
/* End PBXTargetDependency section */

/* Begin PBXVariantGroup section */
		62B9CB7222FF298E0024BA6E /* Main.storyboard */ = {
			isa = PBXVariantGroup;
			children = (
				62B9CB7322FF298E0024BA6E /* Base */,
			);
			name = Main.storyboard;
			sourceTree = "<group>";
		};
		62B9CB7722FF298E0024BA6E /* LaunchScreen.storyboard */ = {
			isa = PBXVariantGroup;
			children = (
				62B9CB7822FF298E0024BA6E /* Base */,
			);
			name = LaunchScreen.storyboard;
			sourceTree = "<group>";
		};
/* End PBXVariantGroup section */

/* Begin XCBuildConfiguration section */
		62B9CB9122FF298F0024BA6E /* Debug */ = {
			isa = XCBuildConfiguration;
			buildSettings = {
				ALWAYS_SEARCH_USER_PATHS = NO;
				CLANG_ANALYZER_NONNULL = YES;
				CLANG_ANALYZER_NUMBER_OBJECT_CONVERSION = YES_AGGRESSIVE;
				CLANG_CXX_LANGUAGE_STANDARD = "gnu++14";
				CLANG_CXX_LIBRARY = "libc++";
				CLANG_ENABLE_MODULES = YES;
				CLANG_ENABLE_OBJC_ARC = YES;
				CLANG_ENABLE_OBJC_WEAK = YES;
				CLANG_WARN_BLOCK_CAPTURE_AUTORELEASING = YES;
				CLANG_WARN_BOOL_CONVERSION = YES;
				CLANG_WARN_COMMA = YES;
				CLANG_WARN_CONSTANT_CONVERSION = YES;
				CLANG_WARN_DEPRECATED_OBJC_IMPLEMENTATIONS = YES;
				CLANG_WARN_DIRECT_OBJC_ISA_USAGE = YES_ERROR;
				CLANG_WARN_DOCUMENTATION_COMMENTS = YES;
				CLANG_WARN_EMPTY_BODY = YES;
				CLANG_WARN_ENUM_CONVERSION = YES;
				CLANG_WARN_INFINITE_RECURSION = YES;
				CLANG_WARN_INT_CONVERSION = YES;
				CLANG_WARN_NON_LITERAL_NULL_CONVERSION = YES;
				CLANG_WARN_OBJC_IMPLICIT_RETAIN_SELF = YES;
				CLANG_WARN_OBJC_LITERAL_CONVERSION = YES;
				CLANG_WARN_OBJC_ROOT_CLASS = YES_ERROR;
				CLANG_WARN_RANGE_LOOP_ANALYSIS = YES;
				CLANG_WARN_STRICT_PROTOTYPES = YES;
				CLANG_WARN_SUSPICIOUS_MOVE = YES;
				CLANG_WARN_UNGUARDED_AVAILABILITY = YES_AGGRESSIVE;
				CLANG_WARN_UNREACHABLE_CODE = YES;
				CLANG_WARN__DUPLICATE_METHOD_MATCH = YES;
				CODE_SIGN_IDENTITY = "iPhone Developer";
				COPY_PHASE_STRIP = NO;
				DEBUG_INFORMATION_FORMAT = dwarf;
				ENABLE_STRICT_OBJC_MSGSEND = YES;
				ENABLE_TESTABILITY = YES;
				GCC_C_LANGUAGE_STANDARD = gnu11;
				GCC_DYNAMIC_NO_PIC = NO;
				GCC_NO_COMMON_BLOCKS = YES;
				GCC_OPTIMIZATION_LEVEL = 0;
				GCC_PREPROCESSOR_DEFINITIONS = (
					"DEBUG=1",
					"$(inherited)",
				);
				GCC_WARN_64_TO_32_BIT_CONVERSION = YES;
				GCC_WARN_ABOUT_RETURN_TYPE = YES_ERROR;
				GCC_WARN_UNDECLARED_SELECTOR = YES;
				GCC_WARN_UNINITIALIZED_AUTOS = YES_AGGRESSIVE;
				GCC_WARN_UNUSED_FUNCTION = YES;
				GCC_WARN_UNUSED_VARIABLE = YES;
				IPHONEOS_DEPLOYMENT_TARGET = 12.1;
				MTL_ENABLE_DEBUG_INFO = INCLUDE_SOURCE;
				MTL_FAST_MATH = YES;
				ONLY_ACTIVE_ARCH = YES;
				SDKROOT = iphoneos;
				SWIFT_ACTIVE_COMPILATION_CONDITIONS = DEBUG;
				SWIFT_OPTIMIZATION_LEVEL = "-Onone";
			};
			name = Debug;
		};
		62B9CB9222FF298F0024BA6E /* Release */ = {
			isa = XCBuildConfiguration;
			buildSettings = {
				ALWAYS_SEARCH_USER_PATHS = NO;
				CLANG_ANALYZER_NONNULL = YES;
				CLANG_ANALYZER_NUMBER_OBJECT_CONVERSION = YES_AGGRESSIVE;
				CLANG_CXX_LANGUAGE_STANDARD = "gnu++14";
				CLANG_CXX_LIBRARY = "libc++";
				CLANG_ENABLE_MODULES = YES;
				CLANG_ENABLE_OBJC_ARC = YES;
				CLANG_ENABLE_OBJC_WEAK = YES;
				CLANG_WARN_BLOCK_CAPTURE_AUTORELEASING = YES;
				CLANG_WARN_BOOL_CONVERSION = YES;
				CLANG_WARN_COMMA = YES;
				CLANG_WARN_CONSTANT_CONVERSION = YES;
				CLANG_WARN_DEPRECATED_OBJC_IMPLEMENTATIONS = YES;
				CLANG_WARN_DIRECT_OBJC_ISA_USAGE = YES_ERROR;
				CLANG_WARN_DOCUMENTATION_COMMENTS = YES;
				CLANG_WARN_EMPTY_BODY = YES;
				CLANG_WARN_ENUM_CONVERSION = YES;
				CLANG_WARN_INFINITE_RECURSION = YES;
				CLANG_WARN_INT_CONVERSION = YES;
				CLANG_WARN_NON_LITERAL_NULL_CONVERSION = YES;
				CLANG_WARN_OBJC_IMPLICIT_RETAIN_SELF = YES;
				CLANG_WARN_OBJC_LITERAL_CONVERSION = YES;
				CLANG_WARN_OBJC_ROOT_CLASS = YES_ERROR;
				CLANG_WARN_RANGE_LOOP_ANALYSIS = YES;
				CLANG_WARN_STRICT_PROTOTYPES = YES;
				CLANG_WARN_SUSPICIOUS_MOVE = YES;
				CLANG_WARN_UNGUARDED_AVAILABILITY = YES_AGGRESSIVE;
				CLANG_WARN_UNREACHABLE_CODE = YES;
				CLANG_WARN__DUPLICATE_METHOD_MATCH = YES;
				CODE_SIGN_IDENTITY = "iPhone Developer";
				COPY_PHASE_STRIP = NO;
				DEBUG_INFORMATION_FORMAT = "dwarf-with-dsym";
				ENABLE_NS_ASSERTIONS = NO;
				ENABLE_STRICT_OBJC_MSGSEND = YES;
				GCC_C_LANGUAGE_STANDARD = gnu11;
				GCC_NO_COMMON_BLOCKS = YES;
				GCC_WARN_64_TO_32_BIT_CONVERSION = YES;
				GCC_WARN_ABOUT_RETURN_TYPE = YES_ERROR;
				GCC_WARN_UNDECLARED_SELECTOR = YES;
				GCC_WARN_UNINITIALIZED_AUTOS = YES_AGGRESSIVE;
				GCC_WARN_UNUSED_FUNCTION = YES;
				GCC_WARN_UNUSED_VARIABLE = YES;
				IPHONEOS_DEPLOYMENT_TARGET = 12.1;
				MTL_ENABLE_DEBUG_INFO = NO;
				MTL_FAST_MATH = YES;
				SDKROOT = iphoneos;
				SWIFT_COMPILATION_MODE = wholemodule;
				SWIFT_OPTIMIZATION_LEVEL = "-O";
				VALIDATE_PRODUCT = YES;
			};
			name = Release;
		};
		62B9CB9422FF298F0024BA6E /* Debug */ = {
			isa = XCBuildConfiguration;
			buildSettings = {
				ASSETCATALOG_COMPILER_APPICON_NAME = AppIcon;
				CODE_SIGN_STYLE = Automatic;
				INFOPLIST_FILE = Weather/Info.plist;
				LD_RUNPATH_SEARCH_PATHS = (
					"$(inherited)",
					"@executable_path/Frameworks",
				);
				PRODUCT_BUNDLE_IDENTIFIER = com.julio.Weather;
				PRODUCT_NAME = "$(TARGET_NAME)";
				SWIFT_VERSION = 4.2;
				TARGETED_DEVICE_FAMILY = "1,2";
			};
			name = Debug;
		};
		62B9CB9522FF298F0024BA6E /* Release */ = {
			isa = XCBuildConfiguration;
			buildSettings = {
				ASSETCATALOG_COMPILER_APPICON_NAME = AppIcon;
				CODE_SIGN_STYLE = Automatic;
				INFOPLIST_FILE = Weather/Info.plist;
				LD_RUNPATH_SEARCH_PATHS = (
					"$(inherited)",
					"@executable_path/Frameworks",
				);
				PRODUCT_BUNDLE_IDENTIFIER = com.julio.Weather;
				PRODUCT_NAME = "$(TARGET_NAME)";
				SWIFT_VERSION = 4.2;
				TARGETED_DEVICE_FAMILY = "1,2";
			};
			name = Release;
		};
		62B9CB9722FF298F0024BA6E /* Debug */ = {
			isa = XCBuildConfiguration;
			buildSettings = {
				ALWAYS_EMBED_SWIFT_STANDARD_LIBRARIES = YES;
				BUNDLE_LOADER = "$(TEST_HOST)";
				CODE_SIGN_STYLE = Automatic;
				INFOPLIST_FILE = WeatherTests/Info.plist;
				LD_RUNPATH_SEARCH_PATHS = (
					"$(inherited)",
					"@executable_path/Frameworks",
					"@loader_path/Frameworks",
				);
				PRODUCT_BUNDLE_IDENTIFIER = com.julio.WeatherTests;
				PRODUCT_NAME = "$(TARGET_NAME)";
				SWIFT_VERSION = 4.2;
				TARGETED_DEVICE_FAMILY = "1,2";
				TEST_HOST = "$(BUILT_PRODUCTS_DIR)/Weather.app/Weather";
			};
			name = Debug;
		};
		62B9CB9822FF298F0024BA6E /* Release */ = {
			isa = XCBuildConfiguration;
			buildSettings = {
				ALWAYS_EMBED_SWIFT_STANDARD_LIBRARIES = YES;
				BUNDLE_LOADER = "$(TEST_HOST)";
				CODE_SIGN_STYLE = Automatic;
				INFOPLIST_FILE = WeatherTests/Info.plist;
				LD_RUNPATH_SEARCH_PATHS = (
					"$(inherited)",
					"@executable_path/Frameworks",
					"@loader_path/Frameworks",
				);
				PRODUCT_BUNDLE_IDENTIFIER = com.julio.WeatherTests;
				PRODUCT_NAME = "$(TARGET_NAME)";
				SWIFT_VERSION = 4.2;
				TARGETED_DEVICE_FAMILY = "1,2";
				TEST_HOST = "$(BUILT_PRODUCTS_DIR)/Weather.app/Weather";
			};
			name = Release;
		};
		62B9CB9A22FF298F0024BA6E /* Debug */ = {
			isa = XCBuildConfiguration;
			buildSettings = {
				ALWAYS_EMBED_SWIFT_STANDARD_LIBRARIES = YES;
				CODE_SIGN_STYLE = Automatic;
				INFOPLIST_FILE = WeatherUITests/Info.plist;
				LD_RUNPATH_SEARCH_PATHS = (
					"$(inherited)",
					"@executable_path/Frameworks",
					"@loader_path/Frameworks",
				);
				PRODUCT_BUNDLE_IDENTIFIER = com.julio.WeatherUITests;
				PRODUCT_NAME = "$(TARGET_NAME)";
				SWIFT_VERSION = 4.2;
				TARGETED_DEVICE_FAMILY = "1,2";
				TEST_TARGET_NAME = Weather;
			};
			name = Debug;
		};
		62B9CB9B22FF298F0024BA6E /* Release */ = {
			isa = XCBuildConfiguration;
			buildSettings = {
				ALWAYS_EMBED_SWIFT_STANDARD_LIBRARIES = YES;
				CODE_SIGN_STYLE = Automatic;
				INFOPLIST_FILE = WeatherUITests/Info.plist;
				LD_RUNPATH_SEARCH_PATHS = (
					"$(inherited)",
					"@executable_path/Frameworks",
					"@loader_path/Frameworks",
				);
				PRODUCT_BUNDLE_IDENTIFIER = com.julio.WeatherUITests;
				PRODUCT_NAME = "$(TARGET_NAME)";
				SWIFT_VERSION = 4.2;
				TARGETED_DEVICE_FAMILY = "1,2";
				TEST_TARGET_NAME = Weather;
			};
			name = Release;
		};
/* End XCBuildConfiguration section */

/* Begin XCConfigurationList section */
		62B9CB6622FF298E0024BA6E /* Build configuration list for PBXProject "Weather" */ = {
			isa = XCConfigurationList;
			buildConfigurations = (
				62B9CB9122FF298F0024BA6E /* Debug */,
				62B9CB9222FF298F0024BA6E /* Release */,
			);
			defaultConfigurationIsVisible = 0;
			defaultConfigurationName = Release;
		};
		62B9CB9322FF298F0024BA6E /* Build configuration list for PBXNativeTarget "Weather" */ = {
			isa = XCConfigurationList;
			buildConfigurations = (
				62B9CB9422FF298F0024BA6E /* Debug */,
				62B9CB9522FF298F0024BA6E /* Release */,
			);
			defaultConfigurationIsVisible = 0;
			defaultConfigurationName = Release;
		};
		62B9CB9622FF298F0024BA6E /* Build configuration list for PBXNativeTarget "WeatherTests" */ = {
			isa = XCConfigurationList;
			buildConfigurations = (
				62B9CB9722FF298F0024BA6E /* Debug */,
				62B9CB9822FF298F0024BA6E /* Release */,
			);
			defaultConfigurationIsVisible = 0;
			defaultConfigurationName = Release;
		};
		62B9CB9922FF298F0024BA6E /* Build configuration list for PBXNativeTarget "WeatherUITests" */ = {
			isa = XCConfigurationList;
			buildConfigurations = (
				62B9CB9A22FF298F0024BA6E /* Debug */,
				62B9CB9B22FF298F0024BA6E /* Release */,
			);
			defaultConfigurationIsVisible = 0;
			defaultConfigurationName = Release;
		};
/* End XCConfigurationList section */
	};
	rootObject = 62B9CB6322FF298E0024BA6E /* Project object */;
}
